
Microsoft Visual Studio Solution File, Format Version 12.00
# Visual Studio Version 16
VisualStudioVersion = 16.0.31624.102
MinimumVisualStudioVersion = 10.0.40219.1
Project("{FAE04EC0-301F-11D3-BF4B-00C04F79EFBC}") = "OtelMvcProje", "OtelMvcProje\OtelMvcProje.csproj", "{8FEB7BA8-2820-4D9F-8056-4FFF2F9A4E24}"
EndProject
Global
	GlobalSection(SolutionConfigurationPlatforms) = preSolution
		Debug|Any CPU = Debug|Any CPU
		Release|Any CPU = Release|Any CPU
	EndGlobalSection
	GlobalSection(ProjectConfigurationPlatforms) = postSolution
		{8FEB7BA8-2820-4D9F-8056-4FFF2F9A4E24}.Debug|Any CPU.ActiveCfg = Debug|Any CPU
		{8FEB7BA8-2820-4D9F-8056-4FFF2F9A4E24}.Debug|Any CPU.Build.0 = Debug|Any CPU
		{8FEB7BA8-2820-4D9F-8056-4FFF2F9A4E24}.Release|Any CPU.ActiveCfg = Release|Any CPU
		{8FEB7BA8-2820-4D9F-8056-4FFF2F9A4E24}.Release|Any CPU.Build.0 = Release|Any CPU
	EndGlobalSection
	GlobalSection(SolutionProperties) = preSolution
		HideSolutionNode = FALSE
	EndGlobalSection
	GlobalSection(ExtensibilityGlobals) = postSolution
		SolutionGuid = {0EDD63C0-D20F-4F15-B51B-0670AE0C213F}
	EndGlobalSection
EndGlobal
